
Microsoft Visual Studio Solution File, Format Version 12.00
# Visual Studio Version 17
VisualStudioVersion = 17.0.32014.148
MinimumVisualStudioVersion = 10.0.40219.1
Project("{FAE04EC0-301F-11D3-BF4B-00C04F79EFBC}") = "ACM.BL", "ACM.BL\ACM.BL.csproj", "{EB82F3E0-4154-4F0F-905E-4EEFDCFA2B0E}"
EndProject
Project("{2150E333-8FDC-42A3-9474-1A3956D46DE8}") = "Tests", "Tests", "{491779C6-3C41-4ECC-992A-EBC317D2AC6F}"
EndProject
Project("{FAE04EC0-301F-11D3-BF4B-00C04F79EFBC}") = "ACM.BLTest", "Tests\ACM.BLTest\ACM.BLTest.csproj", "{C05D6F9E-D208-4C79-8497-4CD606C6CC6A}"
EndProject
Global
	GlobalSection(SolutionConfigurationPlatforms) = preSolution
		Debug|Any CPU = Debug|Any CPU
		Release|Any CPU = Release|Any CPU
	EndGlobalSection
	GlobalSection(ProjectConfigurationPlatforms) = postSolution
		{EB82F3E0-4154-4F0F-905E-4EEFDCFA2B0E}.Debug|Any CPU.ActiveCfg = Debug|Any CPU
		{EB82F3E0-4154-4F0F-905E-4EEFDCFA2B0E}.Debug|Any CPU.Build.0 = Debug|Any CPU
		{EB82F3E0-4154-4F0F-905E-4EEFDCFA2B0E}.Release|Any CPU.ActiveCfg = Release|Any CPU
		{EB82F3E0-4154-4F0F-905E-4EEFDCFA2B0E}.Release|Any CPU.Build.0 = Release|Any CPU
		{C05D6F9E-D208-4C79-8497-4CD606C6CC6A}.Debug|Any CPU.ActiveCfg = Debug|Any CPU
		{C05D6F9E-D208-4C79-8497-4CD606C6CC6A}.Debug|Any CPU.Build.0 = Debug|Any CPU
		{C05D6F9E-D208-4C79-8497-4CD606C6CC6A}.Release|Any CPU.ActiveCfg = Release|Any CPU
		{C05D6F9E-D208-4C79-8497-4CD606C6CC6A}.Release|Any CPU.Build.0 = Release|Any CPU
	EndGlobalSection
	GlobalSection(SolutionProperties) = preSolution
		HideSolutionNode = FALSE
	EndGlobalSection
	GlobalSection(NestedProjects) = preSolution
		{C05D6F9E-D208-4C79-8497-4CD606C6CC6A} = {491779C6-3C41-4ECC-992A-EBC317D2AC6F}
	EndGlobalSection
	GlobalSection(ExtensibilityGlobals) = postSolution
		SolutionGuid = {C0E8AE48-BF2D-49DA-94C0-D174F8772AEF}
	EndGlobalSection
EndGlobal
